# Generated by conda-lock.
# platform: win-64
# input_hash: e8a4cf7d30aaf6d1f26399fb555a63eddcf133e815a1015e21e84a2e435b9774
@EXPLICIT
https://conda.anaconda.org/conda-forge/noarch/python_abi-3.12-8_cp312.conda#c3efd25ac4d74b1584d2f7a57195ddf1
https://conda.anaconda.org/conda-forge/noarch/tzdata-2025b-h78e105d_0.conda#4222072737ccff51314b5ece9c7d6f5a
https://conda.anaconda.org/conda-forge/win-64/ucrt-10.0.26100.0-h57928b3_0.conda#71b24316859acd00bdb8b38f5e2ce328
https://conda.anaconda.org/conda-forge/noarch/ca-certificates-2025.8.3-h4c7d964_0.conda#c9e0c0f82f6e63323827db462b40ede8
https://conda.anaconda.org/conda-forge/win-64/libwinpthread-12.0.0.r4.gg4f2fc60ca-h57928b3_9.conda#08bfa5da6e242025304b206d152479ef
https://conda.anaconda.org/conda-forge/win-64/vcomp14-14.44.35208-h818238b_31.conda#a6b1d5c1fc3cb89f88f7179ee6a9afe3
https://conda.anaconda.org/conda-forge/win-64/vc14_runtime-14.44.35208-h818238b_31.conda#603e41da40a765fd47995faa021da946
https://conda.anaconda.org/conda-forge/win-64/vc-14.3-h41ae7f8_31.conda#28f4ca1e0337d0f27afb8602663c5723
https://conda.anaconda.org/conda-forge/win-64/bzip2-1.0.8-h2466b09_7.conda#276e7ffe9ffe39688abc665ef0f45596
https://conda.anaconda.org/conda-forge/win-64/libexpat-2.7.1-hac47afa_0.conda#3608ffde260281fa641e70d6e34b1b96
https://conda.anaconda.org/conda-forge/win-64/libffi-3.4.6-h537db12_1.conda#85d8fa5e55ed8f93f874b3b23ed54ec6
https://conda.anaconda.org/conda-forge/win-64/libiconv-1.18-hc1393d2_2.conda#64571d1dd6cdcfa25d0664a5950fdaa2
https://conda.anaconda.org/conda-forge/win-64/liblzma-5.8.1-h2466b09_2.conda#c15148b2e18da456f5108ccb5e411446
https://conda.anaconda.org/conda-forge/win-64/libsqlite-3.50.4-hf5d6505_0.conda#ccb20d946040f86f0c05b644d5eadeca
https://conda.anaconda.org/conda-forge/win-64/libzlib-1.3.1-h2466b09_2.conda#41fbfac52c601159df6c01f875de31b9
https://conda.anaconda.org/conda-forge/win-64/llvm-openmp-20.1.8-hfa2b4ca_2.conda#2dc2edf349464c8b83a576175fc2ad42
https://conda.anaconda.org/conda-forge/win-64/openssl-3.5.2-h725018a_0.conda#150d3920b420a27c0848acca158f94dc
https://conda.anaconda.org/conda-forge/win-64/tk-8.6.13-h2c6b04d_2.conda#ebd0e761de9aa879a51d22cc721bd095
https://conda.anaconda.org/conda-forge/win-64/yaml-0.2.5-h6a83c73_3.conda#433699cba6602098ae8957a323da2664
https://conda.anaconda.org/conda-forge/win-64/libudunits2-2.2.28-hfda9870_3.conda#528685735279bf54fee178ea57bf8417
https://conda.anaconda.org/conda-forge/win-64/libxml2-2.13.8-h741aa76_1.conda#aeb49dc1f5531de13d2c0d57ffa6d0c8
https://conda.anaconda.org/conda-forge/win-64/python-3.12.11-h3f84c4b_0_cpython.conda#6aa5e62df29efa6319542ae5025f4376
https://conda.anaconda.org/conda-forge/win-64/zstd-1.5.7-hbeecb71_2.conda#21f56217d6125fb30c3c3f10c786d751
https://conda.anaconda.org/conda-forge/noarch/alabaster-1.0.0-pyhd8ed1ab_1.conda#1fd9696649f65fd6611fcdb4ffec738a
https://conda.anaconda.org/conda-forge/noarch/antlr-python-runtime-4.11.1-pyhd8ed1ab_0.tar.bz2#15109c4977d39ad7aa3423f57243e286
https://conda.anaconda.org/conda-forge/win-64/brotli-python-1.1.0-py312hbb81ca0_4.conda#3bb5cbb24258cc7ab83126976d36e711
https://conda.anaconda.org/conda-forge/noarch/certifi-2025.8.3-pyhd8ed1ab_0.conda#11f59985f49df4620890f3e746ed7102
https://conda.anaconda.org/conda-forge/noarch/cfgv-3.3.1-pyhd8ed1ab_1.conda#57df494053e17dce2ac3a0b33e1b2a2e
https://conda.anaconda.org/conda-forge/noarch/charset-normalizer-3.4.3-pyhd8ed1ab_0.conda#7e7d5ef1b9ed630e4a1c358d6bc62284
https://conda.anaconda.org/conda-forge/noarch/colorama-0.4.6-pyhd8ed1ab_1.conda#962b9857ee8e7018c22f2776ffa0b2d7
https://conda.anaconda.org/conda-forge/win-64/cython-3.1.3-py312h21c92d1_2.conda#2cb148d70a4e72f3710c807bdaa9b944
https://conda.anaconda.org/conda-forge/noarch/distlib-0.4.0-pyhd8ed1ab_0.conda#003b8ba0a94e2f1e117d0bd46aebc901
https://conda.anaconda.org/conda-forge/noarch/docutils-0.21.2-pyhd8ed1ab_1.conda#24c1ca34138ee57de72a943237cde4cc
https://conda.anaconda.org/conda-forge/noarch/filelock-3.19.1-pyhd8ed1ab_0.conda#9c418d067409452b2e87e0016257da68
https://conda.anaconda.org/conda-forge/noarch/hpack-4.1.0-pyhd8ed1ab_0.conda#0a802cb9888dd14eeefc611f05c40b6e
https://conda.anaconda.org/conda-forge/noarch/hyperframe-6.1.0-pyhd8ed1ab_0.conda#8e6923fc12f1fe8f8c4e5c9f343256ac
https://conda.anaconda.org/conda-forge/noarch/idna-3.10-pyhd8ed1ab_1.conda#39a4f67be3286c86d696df570b1201b7
https://conda.anaconda.org/conda-forge/noarch/imagesize-1.4.1-pyhd8ed1ab_0.tar.bz2#7de5386c8fea29e76b303f37dde4c352
https://conda.anaconda.org/conda-forge/noarch/iniconfig-2.0.0-pyhd8ed1ab_1.conda#6837f3eff7dcea42ecd714ce1ac2b108
https://conda.anaconda.org/conda-forge/win-64/libhwloc-2.12.1-default_h88281d1_1000.conda#e6298294e7612eccf57376a0683ddc80
https://conda.anaconda.org/conda-forge/win-64/markupsafe-3.0.2-py312h31fea79_1.conda#944fdd848abfbd6929e57c790b8174dd
https://conda.anaconda.org/conda-forge/noarch/packaging-25.0-pyh29332c3_1.conda#58335b26c38bf4a20f399384c33cbcf9
https://conda.anaconda.org/conda-forge/noarch/platformdirs-4.4.0-pyhcf101f3_0.conda#cc9d9a3929503785403dbfad9f707145
https://conda.anaconda.org/conda-forge/noarch/pluggy-1.6.0-pyhd8ed1ab_0.conda#7da7ccd349dbf6487a7778579d2bb971
https://conda.anaconda.org/conda-forge/noarch/pycparser-2.22-pyh29332c3_1.conda#12c566707c80111f9799308d9e265aef
https://conda.anaconda.org/conda-forge/noarch/pygments-2.19.2-pyhd8ed1ab_0.conda#6b6ece66ebcae2d5f326c77ef2c5a066
https://conda.anaconda.org/conda-forge/noarch/pytz-2025.2-pyhd8ed1ab_0.conda#bc8e3267d44011051f2eb14d22fb0960
https://conda.anaconda.org/conda-forge/win-64/pyyaml-6.0.2-py312h31fea79_2.conda#ba00a2e5059c1fde96459858537cc8f5
https://conda.anaconda.org/conda-forge/noarch/roman-numerals-py-3.1.0-pyhd8ed1ab_0.conda#5f0f24f8032c2c1bb33f59b75974f5fc
https://conda.anaconda.org/conda-forge/noarch/setuptools-80.9.0-pyhff2d567_0.conda#4de79c071274a53dcaf2a8c749d1499e
https://conda.anaconda.org/conda-forge/noarch/snowballstemmer-3.0.1-pyhd8ed1ab_0.conda#755cf22df8693aa0d1aec1c123fa5863
https://conda.anaconda.org/conda-forge/noarch/sphinxcontrib-jsmath-1.0.1-pyhd8ed1ab_1.conda#fa839b5ff59e192f411ccc7dae6588bb
https://conda.anaconda.org/conda-forge/noarch/toml-0.10.2-pyhd8ed1ab_1.conda#b0dd904de08b7db706167240bf37b164
https://conda.anaconda.org/conda-forge/noarch/tomli-2.2.1-pyhe01879c_2.conda#30a0a26c8abccf4b7991d590fe17c699
https://conda.anaconda.org/conda-forge/noarch/typing_extensions-4.15.0-pyhcf101f3_0.conda#0caa1af407ecff61170c9437a808404d
https://conda.anaconda.org/conda-forge/win-64/udunits2-2.2.28-hfda9870_3.conda#c2f21ea9e44ed19d36caaca5bdba5306
https://conda.anaconda.org/conda-forge/noarch/wheel-0.45.1-pyhd8ed1ab_1.conda#75cb7132eb58d97896e173ef12ac9986
https://conda.anaconda.org/conda-forge/noarch/win_inet_pton-1.1.0-pyh7428d3b_8.conda#46e441ba871f524e2b067929da3051c2
https://conda.anaconda.org/conda-forge/noarch/zipp-3.23.0-pyhd8ed1ab_0.conda#df5e78d904988eb55042c0c97446079f
https://conda.anaconda.org/conda-forge/noarch/babel-2.17.0-pyhd8ed1ab_0.conda#0a01c169f0ab0f91b26e77a3301fbfe4
https://conda.anaconda.org/conda-forge/win-64/cffi-1.17.1-py312he06e257_1.conda#a73ee5cb34f7a18dd6a11015de607e15
https://conda.anaconda.org/conda-forge/win-64/coverage-7.10.6-py312h05f76fc_1.conda#040ebae03f3f666cae7cd40b95c6ef8c
https://conda.anaconda.org/conda-forge/noarch/exceptiongroup-1.3.0-pyhd8ed1ab_0.conda#72e42d28960d875c7654614f8b50939a
https://conda.anaconda.org/conda-forge/noarch/h2-4.3.0-pyhcf101f3_0.conda#164fc43f0b53b6e3a7bc7dce5e4f1dc9
https://conda.anaconda.org/conda-forge/noarch/importlib-metadata-8.7.0-pyhe01879c_1.conda#63ccfdc3a3ce25b027b8767eb722fca8
https://conda.anaconda.org/conda-forge/noarch/jinja2-3.1.6-pyhd8ed1ab_0.conda#446bd6c8cb26050d528881df495ce646
https://conda.anaconda.org/conda-forge/noarch/nodeenv-1.9.1-pyhd8ed1ab_1.conda#7ba3f09fceae6a120d664217e58fe686
https://conda.anaconda.org/conda-forge/noarch/pip-25.2-pyh8b19718_0.conda#dfce4b2af4bfe90cdcaf56ca0b28ddf5
https://conda.anaconda.org/conda-forge/noarch/pysocks-1.7.1-pyh09c184e_7.conda#e2fd202833c4a981ce8a65974fe4abd1
https://conda.anaconda.org/conda-forge/win-64/tbb-2021.13.0-h18a62a1_3.conda#72226638648e494aaafde8155d50dab2
https://conda.anaconda.org/conda-forge/noarch/typing-extensions-4.15.0-h396c80c_0.conda#edd329d7d3a4ab45dcf905899a7a6115
https://conda.anaconda.org/conda-forge/noarch/virtualenv-20.34.0-pyhd8ed1ab_0.conda#2bd6c0c96cfc4dbe9bde604a122e3e55
https://conda.anaconda.org/conda-forge/win-64/mkl-2024.2.2-h57928b3_16.conda#5cddc979c74b90cf5e5cda4f97d5d8bb
https://conda.anaconda.org/conda-forge/noarch/pytest-8.4.2-pyhd8ed1ab_0.conda#1f987505580cb972cf28dc5f74a0f81b
https://conda.anaconda.org/conda-forge/noarch/setuptools-scm-9.2.0-pyhd8ed1ab_0.conda#ad8f901272d56cfb6bf22bb89e9be59b
https://conda.anaconda.org/conda-forge/win-64/ukkonen-1.0.1-py312hd5eb7cc_5.conda#d8c5ef1991a5121de95ea8e44c34e13a
https://conda.anaconda.org/conda-forge/win-64/zstandard-0.24.0-py312ha680012_1.conda#2af048668bbb6802972d469bd038110b
https://conda.anaconda.org/conda-forge/noarch/identify-2.6.14-pyhd8ed1ab_0.conda#34a8172d191193030438d7b30bcdeaf5
https://conda.anaconda.org/conda-forge/win-64/libblas-3.9.0-35_h5709861_mkl.conda#45d98af023f8b4a7640b1f713ce6b602
https://conda.anaconda.org/conda-forge/noarch/pytest-cov-6.3.0-pyhd8ed1ab_0.conda#50d191b852fccb4bf9ab7b59b030c99d
https://conda.anaconda.org/conda-forge/noarch/setuptools_scm-9.2.0-hd8ed1ab_0.conda#03323fba6896975dc9ffae39b547c31b
https://conda.anaconda.org/conda-forge/noarch/urllib3-2.5.0-pyhd8ed1ab_0.conda#436c165519e140cb08d246a4472a9d6a
https://conda.anaconda.org/conda-forge/win-64/libcblas-3.9.0-35_h2a3cdd5_mkl.conda#9639091d266e92438582d0cc4cfc8350
https://conda.anaconda.org/conda-forge/win-64/liblapack-3.9.0-35_hf9ab0e9_mkl.conda#0c6ed9d722cecda18f50f17fb3c30002
https://conda.anaconda.org/conda-forge/noarch/pre-commit-4.3.0-pyha770c72_0.conda#bc6c44af2a9e6067dd7e949ef10cdfba
https://conda.anaconda.org/conda-forge/noarch/requests-2.32.5-pyhd8ed1ab_0.conda#db0c6b99149880c8ba515cf4abe93ee4
https://conda.anaconda.org/conda-forge/noarch/codecov-2.1.13-pyhd8ed1ab_1.conda#d924fe46139596ebc3d4d424ec39ed51
https://conda.anaconda.org/conda-forge/win-64/numpy-2.3.2-py312ha72d056_2.conda#d98b7ec5211b2e197e7e0991757116cb
https://conda.anaconda.org/conda-forge/win-64/cftime-1.6.4-py312h196c9fc_2.conda#af5b99c9a4e8e5cd85c299b652c077e5
https://conda.anaconda.org/conda-forge/noarch/sphinxcontrib-applehelp-2.0.0-pyhd8ed1ab_1.conda#16e3f039c0aa6446513e94ab18a8784b
https://conda.anaconda.org/conda-forge/noarch/sphinxcontrib-devhelp-2.0.0-pyhd8ed1ab_1.conda#910f28a05c178feba832f842155cbfff
https://conda.anaconda.org/conda-forge/noarch/sphinxcontrib-htmlhelp-2.1.0-pyhd8ed1ab_1.conda#e9fb3fe8a5b758b4aff187d434f94f03
https://conda.anaconda.org/conda-forge/noarch/sphinxcontrib-qthelp-2.0.0-pyhd8ed1ab_1.conda#00534ebcc0375929b45c3039b5ba7636
https://conda.anaconda.org/conda-forge/noarch/sphinx-8.3.0-pyhd8ed1ab_0.conda#6ce9ddee4c0f68bda548303196f4cf4c
https://conda.anaconda.org/conda-forge/noarch/sphinxcontrib-serializinghtml-1.1.10-pyhd8ed1ab_1.conda#3bc61f7161d28137797e038263c04c54
